
Microsoft Visual Studio Solution File, Format Version 12.00
# Visual Studio 14
VisualStudioVersion = 14.0.25420.1
MinimumVisualStudioVersion = 10.0.40219.1
Project("{8BC9CEB8-8B4A-11D0-8D11-00A0C91BC942}") = "03_01_duplicate_in_array", "03_01_duplicate_in_array\03_01_duplicate_in_array.vcxproj", "{43BDBCD6-32C0-4118-B5BF-7C298595187A}"
EndProject
Project("{8BC9CEB8-8B4A-11D0-8D11-00A0C91BC942}") = "03_02_duplicate_in_array_no_edit", "03_02_duplicate_in_array_no_edit\03_02_duplicate_in_array_no_edit.vcxproj", "{AA9D1811-0394-47A1-B00A-58CC03C8A827}"
EndProject
Project("{8BC9CEB8-8B4A-11D0-8D11-00A0C91BC942}") = "03_my_duplicate_in_array", "03_my_duplicate_in_array\03_my_duplicate_in_array.vcxproj", "{AC1B680C-8E15-4744-89E4-6FBBA0A11DF9}"
EndProject
Project("{8BC9CEB8-8B4A-11D0-8D11-00A0C91BC942}") = "04_find_in_partially_sorted_matrix", "04_find_in_partially_sorted_matrix\04_find_in_partially_sorted_matrix.vcxproj", "{DC936373-4B00-4459-9150-043FB07EE1B6}"
EndProject
Project("{8BC9CEB8-8B4A-11D0-8D11-00A0C91BC942}") = "05_replace_spaces", "05_replace_spaces\05_replace_spaces.vcxproj", "{31927253-D0D6-471D-82C6-9F24FEABC9DD}"
EndProject
Global
	GlobalSection(SolutionConfigurationPlatforms) = preSolution
		Debug|x64 = Debug|x64
		Debug|x86 = Debug|x86
		Release|x64 = Release|x64
		Release|x86 = Release|x86
	EndGlobalSection
	GlobalSection(ProjectConfigurationPlatforms) = postSolution
		{43BDBCD6-32C0-4118-B5BF-7C298595187A}.Debug|x64.ActiveCfg = Debug|x64
		{43BDBCD6-32C0-4118-B5BF-7C298595187A}.Debug|x64.Build.0 = Debug|x64
		{43BDBCD6-32C0-4118-B5BF-7C298595187A}.Debug|x86.ActiveCfg = Debug|Win32
		{43BDBCD6-32C0-4118-B5BF-7C298595187A}.Debug|x86.Build.0 = Debug|Win32
		{43BDBCD6-32C0-4118-B5BF-7C298595187A}.Release|x64.ActiveCfg = Release|x64
		{43BDBCD6-32C0-4118-B5BF-7C298595187A}.Release|x64.Build.0 = Release|x64
		{43BDBCD6-32C0-4118-B5BF-7C298595187A}.Release|x86.ActiveCfg = Release|Win32
		{43BDBCD6-32C0-4118-B5BF-7C298595187A}.Release|x86.Build.0 = Release|Win32
		{AA9D1811-0394-47A1-B00A-58CC03C8A827}.Debug|x64.ActiveCfg = Debug|x64
		{AA9D1811-0394-47A1-B00A-58CC03C8A827}.Debug|x64.Build.0 = Debug|x64
		{AA9D1811-0394-47A1-B00A-58CC03C8A827}.Debug|x86.ActiveCfg = Debug|Win32
		{AA9D1811-0394-47A1-B00A-58CC03C8A827}.Debug|x86.Build.0 = Debug|Win32
		{AA9D1811-0394-47A1-B00A-58CC03C8A827}.Release|x64.ActiveCfg = Release|x64
		{AA9D1811-0394-47A1-B00A-58CC03C8A827}.Release|x64.Build.0 = Release|x64
		{AA9D1811-0394-47A1-B00A-58CC03C8A827}.Release|x86.ActiveCfg = Release|Win32
		{AA9D1811-0394-47A1-B00A-58CC03C8A827}.Release|x86.Build.0 = Release|Win32
		{AC1B680C-8E15-4744-89E4-6FBBA0A11DF9}.Debug|x64.ActiveCfg = Debug|x64
		{AC1B680C-8E15-4744-89E4-6FBBA0A11DF9}.Debug|x64.Build.0 = Debug|x64
		{AC1B680C-8E15-4744-89E4-6FBBA0A11DF9}.Debug|x86.ActiveCfg = Debug|Win32
		{AC1B680C-8E15-4744-89E4-6FBBA0A11DF9}.Debug|x86.Build.0 = Debug|Win32
		{AC1B680C-8E15-4744-89E4-6FBBA0A11DF9}.Release|x64.ActiveCfg = Release|x64
		{AC1B680C-8E15-4744-89E4-6FBBA0A11DF9}.Release|x64.Build.0 = Release|x64
		{AC1B680C-8E15-4744-89E4-6FBBA0A11DF9}.Release|x86.ActiveCfg = Release|Win32
		{AC1B680C-8E15-4744-89E4-6FBBA0A11DF9}.Release|x86.Build.0 = Release|Win32
		{DC936373-4B00-4459-9150-043FB07EE1B6}.Debug|x64.ActiveCfg = Debug|x64
		{DC936373-4B00-4459-9150-043FB07EE1B6}.Debug|x64.Build.0 = Debug|x64
		{DC936373-4B00-4459-9150-043FB07EE1B6}.Debug|x86.ActiveCfg = Debug|Win32
		{DC936373-4B00-4459-9150-043FB07EE1B6}.Debug|x86.Build.0 = Debug|Win32
		{DC936373-4B00-4459-9150-043FB07EE1B6}.Release|x64.ActiveCfg = Release|x64
		{DC936373-4B00-4459-9150-043FB07EE1B6}.Release|x64.Build.0 = Release|x64
		{DC936373-4B00-4459-9150-043FB07EE1B6}.Release|x86.ActiveCfg = Release|Win32
		{DC936373-4B00-4459-9150-043FB07EE1B6}.Release|x86.Build.0 = Release|Win32
		{31927253-D0D6-471D-82C6-9F24FEABC9DD}.Debug|x64.ActiveCfg = Debug|x64
		{31927253-D0D6-471D-82C6-9F24FEABC9DD}.Debug|x64.Build.0 = Debug|x64
		{31927253-D0D6-471D-82C6-9F24FEABC9DD}.Debug|x86.ActiveCfg = Debug|Win32
		{31927253-D0D6-471D-82C6-9F24FEABC9DD}.Debug|x86.Build.0 = Debug|Win32
		{31927253-D0D6-471D-82C6-9F24FEABC9DD}.Release|x64.ActiveCfg = Release|x64
		{31927253-D0D6-471D-82C6-9F24FEABC9DD}.Release|x64.Build.0 = Release|x64
		{31927253-D0D6-471D-82C6-9F24FEABC9DD}.Release|x86.ActiveCfg = Release|Win32
		{31927253-D0D6-471D-82C6-9F24FEABC9DD}.Release|x86.Build.0 = Release|Win32
	EndGlobalSection
	GlobalSection(SolutionProperties) = preSolution
		HideSolutionNode = FALSE
	EndGlobalSection
EndGlobal
